
Microsoft Visual Studio Solution File, Format Version 12.00
# Visual Studio Version 16
VisualStudioVersion = 16.0.30907.101
MinimumVisualStudioVersion = 10.0.40219.1
Project("{9A19103F-16F7-4668-BE54-9A1E7A4F7556}") = "Business", "Business\Business.csproj", "{25CAA14A-A139-4E26-B64B-117BCEB9621B}"
EndProject
Project("{9A19103F-16F7-4668-BE54-9A1E7A4F7556}") = "DataAccess", "DataAccess\DataAccess.csproj", "{0698E864-2A92-4850-B335-ACF0FC3F637C}"
EndProject
Project("{9A19103F-16F7-4668-BE54-9A1E7A4F7556}") = "Entities", "Entities\Entities.csproj", "{E105133F-FC96-41C9-94A3-BD3974B5AFDD}"
EndProject
Project("{9A19103F-16F7-4668-BE54-9A1E7A4F7556}") = "ConsoleUI", "ConsoleUI1\ConsoleUI.csproj", "{EFB0DD69-8442-4F12-9929-F927D0B5088F}"
EndProject
Project("{FAE04EC0-301F-11D3-BF4B-00C04F79EFBC}") = "Core", "Core\Core.csproj", "{0C1ED035-72AD-4CBA-8E60-7A18EFE38230}"
EndProject
Global
	GlobalSection(SolutionConfigurationPlatforms) = preSolution
		Debug|Any CPU = Debug|Any CPU
		Release|Any CPU = Release|Any CPU
	EndGlobalSection
	GlobalSection(ProjectConfigurationPlatforms) = postSolution
		{25CAA14A-A139-4E26-B64B-117BCEB9621B}.Debug|Any CPU.ActiveCfg = Debug|Any CPU
		{25CAA14A-A139-4E26-B64B-117BCEB9621B}.Debug|Any CPU.Build.0 = Debug|Any CPU
		{25CAA14A-A139-4E26-B64B-117BCEB9621B}.Release|Any CPU.ActiveCfg = Release|Any CPU
		{25CAA14A-A139-4E26-B64B-117BCEB9621B}.Release|Any CPU.Build.0 = Release|Any CPU
		{0698E864-2A92-4850-B335-ACF0FC3F637C}.Debug|Any CPU.ActiveCfg = Debug|Any CPU
		{0698E864-2A92-4850-B335-ACF0FC3F637C}.Debug|Any CPU.Build.0 = Debug|Any CPU
		{0698E864-2A92-4850-B335-ACF0FC3F637C}.Release|Any CPU.ActiveCfg = Release|Any CPU
		{0698E864-2A92-4850-B335-ACF0FC3F637C}.Release|Any CPU.Build.0 = Release|Any CPU
		{E105133F-FC96-41C9-94A3-BD3974B5AFDD}.Debug|Any CPU.ActiveCfg = Debug|Any CPU
		{E105133F-FC96-41C9-94A3-BD3974B5AFDD}.Debug|Any CPU.Build.0 = Debug|Any CPU
		{E105133F-FC96-41C9-94A3-BD3974B5AFDD}.Release|Any CPU.ActiveCfg = Release|Any CPU
		{E105133F-FC96-41C9-94A3-BD3974B5AFDD}.Release|Any CPU.Build.0 = Release|Any CPU
		{EFB0DD69-8442-4F12-9929-F927D0B5088F}.Debug|Any CPU.ActiveCfg = Debug|Any CPU
		{EFB0DD69-8442-4F12-9929-F927D0B5088F}.Debug|Any CPU.Build.0 = Debug|Any CPU
		{EFB0DD69-8442-4F12-9929-F927D0B5088F}.Release|Any CPU.ActiveCfg = Release|Any CPU
		{EFB0DD69-8442-4F12-9929-F927D0B5088F}.Release|Any CPU.Build.0 = Release|Any CPU
		{0C1ED035-72AD-4CBA-8E60-7A18EFE38230}.Debug|Any CPU.ActiveCfg = Debug|Any CPU
		{0C1ED035-72AD-4CBA-8E60-7A18EFE38230}.Debug|Any CPU.Build.0 = Debug|Any CPU
		{0C1ED035-72AD-4CBA-8E60-7A18EFE38230}.Release|Any CPU.ActiveCfg = Release|Any CPU
		{0C1ED035-72AD-4CBA-8E60-7A18EFE38230}.Release|Any CPU.Build.0 = Release|Any CPU
	EndGlobalSection
	GlobalSection(SolutionProperties) = preSolution
		HideSolutionNode = FALSE
	EndGlobalSection
	GlobalSection(ExtensibilityGlobals) = postSolution
		SolutionGuid = {7834C811-3370-47A6-AB0E-FB203C54AA7E}
	EndGlobalSection
EndGlobal
